
Microsoft Visual Studio Solution File, Format Version 12.00
# Visual Studio 15
VisualStudioVersion = 15.0.27130.2036
MinimumVisualStudioVersion = 10.0.40219.1
Project("{FAE04EC0-301F-11D3-BF4B-00C04F79EFBC}") = "RBAutocadPlugIn", "AutocadPlugIn\RBAutocadPlugIn.csproj", "{7FBD7E4A-1DDE-4EC2-AAAD-2DD00347B87C}"
EndProject
Project("{2150E333-8FDC-42A3-9474-1A3956D46DE8}") = "Artifacts", "Artifacts", "{67D56A0D-545C-4790-A46F-68FA973DBBC3}"
	ProjectSection(SolutionItems) = preProject
		Binaries\acad.lsp = Binaries\acad.lsp
		Binaries\AcCoreMgd.dll = Binaries\AcCoreMgd.dll
		Binaries\AcDbMgd.dll = Binaries\AcDbMgd.dll
		Binaries\AcMgd.dll = Binaries\AcMgd.dll
		Binaries\AcWindows.dll = Binaries\AcWindows.dll
		Binaries\AdWindows.dll = Binaries\AdWindows.dll
		Binaries\ExpandableGridView.dll = Binaries\ExpandableGridView.dll
		Binaries\IOM.dll = Binaries\IOM.dll
		Binaries\Newtonsoft.Json.dll = Binaries\Newtonsoft.Json.dll
		Binaries\RedBracketConnector_Integration_UserGuide.chm = Binaries\RedBracketConnector_Integration_UserGuide.chm
		Binaries\RedBracketLogo.ico = Binaries\RedBracketLogo.ico
		Binaries\RestSharp.dll = Binaries\RestSharp.dll
		Binaries\start.scr = Binaries\start.scr
	EndProjectSection
EndProject
Project("{54435603-DBB4-11D2-8724-00A0C9A8B90C}") = "RedBracketConnectorSetup", "RedBracketConnectorSetup\RedBracketConnectorSetup.vdproj", "{20103B48-FC75-4FCF-BE5D-843570228EE7}"
	ProjectSection(ProjectDependencies) = postProject
		{7FBD7E4A-1DDE-4EC2-AAAD-2DD00347B87C} = {7FBD7E4A-1DDE-4EC2-AAAD-2DD00347B87C}
	EndProjectSection
EndProject
Project("{FAE04EC0-301F-11D3-BF4B-00C04F79EFBC}") = "CryptoGraphy", "CryptoGraphy\CryptoGraphy.csproj", "{8AA40CFF-CE66-4623-BA6D-9E76FEFE9076}"
EndProject
Global
	GlobalSection(SolutionConfigurationPlatforms) = preSolution
		Debug|Any CPU = Debug|Any CPU
		Office2003|Any CPU = Office2003|Any CPU
		Office2007|Any CPU = Office2007|Any CPU
		Release|Any CPU = Release|Any CPU
		V2003Debug|Any CPU = V2003Debug|Any CPU
		V2007Debug|Any CPU = V2007Debug|Any CPU
	EndGlobalSection
	GlobalSection(ProjectConfigurationPlatforms) = postSolution
		{7FBD7E4A-1DDE-4EC2-AAAD-2DD00347B87C}.Debug|Any CPU.ActiveCfg = Debug|Any CPU
		{7FBD7E4A-1DDE-4EC2-AAAD-2DD00347B87C}.Debug|Any CPU.Build.0 = Debug|Any CPU
		{7FBD7E4A-1DDE-4EC2-AAAD-2DD00347B87C}.Office2003|Any CPU.ActiveCfg = Release|Any CPU
		{7FBD7E4A-1DDE-4EC2-AAAD-2DD00347B87C}.Office2003|Any CPU.Build.0 = Release|Any CPU
		{7FBD7E4A-1DDE-4EC2-AAAD-2DD00347B87C}.Office2007|Any CPU.ActiveCfg = Release|Any CPU
		{7FBD7E4A-1DDE-4EC2-AAAD-2DD00347B87C}.Office2007|Any CPU.Build.0 = Release|Any CPU
		{7FBD7E4A-1DDE-4EC2-AAAD-2DD00347B87C}.Release|Any CPU.ActiveCfg = Release|Any CPU
		{7FBD7E4A-1DDE-4EC2-AAAD-2DD00347B87C}.Release|Any CPU.Build.0 = Release|Any CPU
		{7FBD7E4A-1DDE-4EC2-AAAD-2DD00347B87C}.V2003Debug|Any CPU.ActiveCfg = Debug|Any CPU
		{7FBD7E4A-1DDE-4EC2-AAAD-2DD00347B87C}.V2003Debug|Any CPU.Build.0 = Debug|Any CPU
		{7FBD7E4A-1DDE-4EC2-AAAD-2DD00347B87C}.V2007Debug|Any CPU.ActiveCfg = Debug|Any CPU
		{7FBD7E4A-1DDE-4EC2-AAAD-2DD00347B87C}.V2007Debug|Any CPU.Build.0 = Debug|Any CPU
		{20103B48-FC75-4FCF-BE5D-843570228EE7}.Debug|Any CPU.ActiveCfg = Debug
		{20103B48-FC75-4FCF-BE5D-843570228EE7}.Office2003|Any CPU.ActiveCfg = Release
		{20103B48-FC75-4FCF-BE5D-843570228EE7}.Office2007|Any CPU.ActiveCfg = Release
		{20103B48-FC75-4FCF-BE5D-843570228EE7}.Release|Any CPU.ActiveCfg = Release
		{20103B48-FC75-4FCF-BE5D-843570228EE7}.V2003Debug|Any CPU.ActiveCfg = Debug
		{20103B48-FC75-4FCF-BE5D-843570228EE7}.V2007Debug|Any CPU.ActiveCfg = Debug
		{8AA40CFF-CE66-4623-BA6D-9E76FEFE9076}.Debug|Any CPU.ActiveCfg = Debug|Any CPU
		{8AA40CFF-CE66-4623-BA6D-9E76FEFE9076}.Debug|Any CPU.Build.0 = Debug|Any CPU
		{8AA40CFF-CE66-4623-BA6D-9E76FEFE9076}.Office2003|Any CPU.ActiveCfg = Release|Any CPU
		{8AA40CFF-CE66-4623-BA6D-9E76FEFE9076}.Office2003|Any CPU.Build.0 = Release|Any CPU
		{8AA40CFF-CE66-4623-BA6D-9E76FEFE9076}.Office2007|Any CPU.ActiveCfg = Release|Any CPU
		{8AA40CFF-CE66-4623-BA6D-9E76FEFE9076}.Office2007|Any CPU.Build.0 = Release|Any CPU
		{8AA40CFF-CE66-4623-BA6D-9E76FEFE9076}.Release|Any CPU.ActiveCfg = Release|Any CPU
		{8AA40CFF-CE66-4623-BA6D-9E76FEFE9076}.Release|Any CPU.Build.0 = Release|Any CPU
		{8AA40CFF-CE66-4623-BA6D-9E76FEFE9076}.V2003Debug|Any CPU.ActiveCfg = Debug|Any CPU
		{8AA40CFF-CE66-4623-BA6D-9E76FEFE9076}.V2003Debug|Any CPU.Build.0 = Debug|Any CPU
		{8AA40CFF-CE66-4623-BA6D-9E76FEFE9076}.V2007Debug|Any CPU.ActiveCfg = Debug|Any CPU
		{8AA40CFF-CE66-4623-BA6D-9E76FEFE9076}.V2007Debug|Any CPU.Build.0 = Debug|Any CPU
	EndGlobalSection
	GlobalSection(SolutionProperties) = preSolution
		HideSolutionNode = FALSE
	EndGlobalSection
	GlobalSection(ExtensibilityGlobals) = postSolution
		SolutionGuid = {A0F895C1-1017-4DC9-877B-E1E91846BD3A}
	EndGlobalSection
EndGlobal
