{
  "name": "redbracket-autocad-plugin",
  "version": "1.5.0",
  "lockfileVersion": 3,
  "requires": true,
  "packages": {
    "": {
      "name": "redbracket-autocad-plugin",
      "version": "1.5.0",
      "hasInstallScript": true,
      "license": "PROPRIETARY",
      "devDependencies": {},
      "engines": {
        "node": ">=14.0.0"
      }
    }
  }
}
